<?xml version="1.0" encoding="utf-8"?>
<Project ToolsVersion="4.0" xmlns="http://schemas.microsoft.com/developer/msbuild/2003">
  <ItemGroup>
    <Filter Include="Source Files">
      <UniqueIdentifier>{4FC737F1-C7A5-4376-A066-2A32D752A2FF}</UniqueIdentifier>
      <Extensions>qml;cpp;c;cc;cxx;def;odl;idl;hpj;bat;asm;asmx</Extensions>
    </Filter>
    <Filter Include="Header Files">
      <UniqueIdentifier>{93995380-89BD-4b04-88EB-625FBE52EBFB}</UniqueIdentifier>
      <Extensions>h;hh;hpp;hxx;hm;inl;inc;xsd</Extensions>
    </Filter>
    <Filter Include="Resource Files">
      <UniqueIdentifier>{67DA6AB6-F800-4c08-8B7A-83BB121AAD01}</UniqueIdentifier>
      <Extensions>qrc;rc;ico;cur;bmp;dlg;rc2;rct;bin;rgs;gif;jpg;jpeg;jpe;resx;tiff;tif;png;wav;mfcribbon-ms</Extensions>
    </Filter>
    <Filter Include="Form Files">
      <UniqueIdentifier>{99349809-55BA-4b9d-BF79-8FDBB0286EB3}</UniqueIdentifier>
      <Extensions>ui</Extensions>
    </Filter>
    <Filter Include="Translation Files">
      <UniqueIdentifier>{639EADAA-A684-42e4-A9AD-28FC9BCB8F7C}</UniqueIdentifier>
      <Extensions>ts</Extensions>
    </Filter>
    <Filter Include="models">
      <UniqueIdentifier>{9723755c-b8d3-4f38-ae76-cc3952ccdf0e}</UniqueIdentifier>
    </Filter>
    <Filter Include="algoritmos">
      <UniqueIdentifier>{8ba8a383-b333-4963-b504-e7ebdba36c0a}</UniqueIdentifier>
    </Filter>
    <Filter Include="data">
      <UniqueIdentifier>{bf5d5664-76a2-4b90-8dee-4a8252c4ad3c}</UniqueIdentifier>
    </Filter>
    <Filter Include="escenarios">
      <UniqueIdentifier>{33da7283-58b8-4d05-985f-51ed2b509146}</UniqueIdentifier>
    </Filter>
    <Filter Include="core">
      <UniqueIdentifier>{fdacc1c0-695f-4327-8262-176c0547b250}</UniqueIdentifier>
    </Filter>
  </ItemGroup>
  <ItemGroup>
    <QtRcc Include="EcoCampus.qrc">
      <Filter>Resource Files</Filter>
    </QtRcc>
    <QtUic Include="EcoCampus.ui">
      <Filter>Form Files</Filter>
    </QtUic>
    <QtMoc Include="EcoCampus.h">
      <Filter>Header Files</Filter>
    </QtMoc>
    <ClCompile Include="EcoCampus.cpp">
      <Filter>Source Files</Filter>
    </ClCompile>
  </ItemGroup>
  <ItemGroup>
    <ClCompile Include="main.cpp">
      <Filter>Source Files</Filter>
    </ClCompile>
    <ClCompile Include="Nodo.cpp">
      <Filter>models</Filter>
    </ClCompile>
    <ClCompile Include="arista.cpp">
      <Filter>models</Filter>
    </ClCompile>
    <ClCompile Include="Grafo.cpp">
      <Filter>models</Filter>
    </ClCompile>
    <ClCompile Include="AlgoritmosGrafo.cpp">
      <Filter>algoritmos</Filter>
    </ClCompile>
    <ClCompile Include="FileManager.cpp">
      <Filter>data</Filter>
    </ClCompile>
    <ClCompile Include="CampusController.cpp">
      <Filter>core</Filter>
    </ClCompile>
  </ItemGroup>
  <ItemGroup>
    <ClInclude Include="Nodo.h">
      <Filter>models</Filter>
    </ClInclude>
    <ClInclude Include="arista.h">
      <Filter>models</Filter>
    </ClInclude>
    <ClInclude Include="grafo.h">
      <Filter>models</Filter>
    </ClInclude>
    <ClInclude Include="AlgoritmosGrafo.h">
      <Filter>algoritmos</Filter>
    </ClInclude>
    <ClInclude Include="temporizador.h">
      <Filter>algoritmos</Filter>
    </ClInclude>
    <ClInclude Include="FileManager.h">
      <Filter>data</Filter>
    </ClInclude>
    <ClInclude Include="CampusController.h">
      <Filter>core</Filter>
    </ClInclude>
  </ItemGroup>
  <ItemGroup>
    <None Include=".gitignore" />
    <None Include="nodos.json">
      <Filter>data</Filter>
    </None>
    <None Include="aristas.json">
      <Filter>data</Filter>
    </None>
    <None Include="Bloqueos.json">
      <Filter>data</Filter>
    </None>
  </ItemGroup>
</Project>